PODS:
  - StanwoodUITestingCore (0.1)

DEPENDENCIES:
  - StanwoodUITestingCore (from `../`)

EXTERNAL SOURCES:
  StanwoodUITestingCore:
    :path: ../

SPEC CHECKSUMS:
  StanwoodUITestingCore: 8f6c6a9109777228b1a2db43c6f8313952e71db4

PODFILE CHECKSUM: 1e70aa51945056770d8e8c8fcdd5b72bd20ce6e5

COCOAPODS: 1.4.0
