PODS:
  - StanwoodUITestingCore (1.0.1)

DEPENDENCIES:
  - StanwoodUITestingCore (from `../`)

EXTERNAL SOURCES:
  StanwoodUITestingCore:
    :path: "../"

SPEC CHECKSUMS:
  StanwoodUITestingCore: e41bb646ff0ade79796a708b3e9992f85c591bcf

PODFILE CHECKSUM: d8dbe74c9becaf663ddd79ade0d89dbf80eee92d

COCOAPODS: 1.7.3
