PODS:
  - StanwoodUITestingCore (1.0.0)

DEPENDENCIES:
  - StanwoodUITestingCore (from `../`)

EXTERNAL SOURCES:
  StanwoodUITestingCore:
    :path: "../"

SPEC CHECKSUMS:
  StanwoodUITestingCore: 719d162271e4b627ca1fc017f1872689c5062fdc

PODFILE CHECKSUM: d8dbe74c9becaf663ddd79ade0d89dbf80eee92d

COCOAPODS: 1.5.3
